
Microsoft Visual Studio Solution File, Format Version 12.00
# Visual Studio Version 16
VisualStudioVersion = 16.0.31624.102
MinimumVisualStudioVersion = 10.0.40219.1
Project("{FAE04EC0-301F-11D3-BF4B-00C04F79EFBC}") = "Park", "Park\Park.csproj", "{42347A4D-9BE6-42B3-A563-2A3E7D67F4E9}"
EndProject
Global
	GlobalSection(SolutionConfigurationPlatforms) = preSolution
		Debug|Any CPU = Debug|Any CPU
		Release|Any CPU = Release|Any CPU
	EndGlobalSection
	GlobalSection(ProjectConfigurationPlatforms) = postSolution
		{42347A4D-9BE6-42B3-A563-2A3E7D67F4E9}.Debug|Any CPU.ActiveCfg = Debug|Any CPU
		{42347A4D-9BE6-42B3-A563-2A3E7D67F4E9}.Debug|Any CPU.Build.0 = Debug|Any CPU
		{42347A4D-9BE6-42B3-A563-2A3E7D67F4E9}.Release|Any CPU.ActiveCfg = Release|Any CPU
		{42347A4D-9BE6-42B3-A563-2A3E7D67F4E9}.Release|Any CPU.Build.0 = Release|Any CPU
	EndGlobalSection
	GlobalSection(SolutionProperties) = preSolution
		HideSolutionNode = FALSE
	EndGlobalSection
	GlobalSection(ExtensibilityGlobals) = postSolution
		SolutionGuid = {DD0CA46D-563B-44DD-81CA-D2B290693F55}
	EndGlobalSection
EndGlobal
